
Microsoft Visual Studio Solution File, Format Version 12.00
Project("{FAE04EC0-301F-11D3-BF4B-00C04F79EFBC}") = "BasicGrammar", "BasicGrammar\BasicGrammar.csproj", "{9EDCE5EF-60C5-4008-A72B-7E6506276BA9}"
EndProject
Project("{FAE04EC0-301F-11D3-BF4B-00C04F79EFBC}") = "Delegate_Event", "Delegate_Event\Delegate_Event.csproj", "{7C7362BC-C182-40E3-921C-370F649E00E2}"
EndProject
Global
	GlobalSection(SolutionConfigurationPlatforms) = preSolution
		Debug|Any CPU = Debug|Any CPU
		Release|Any CPU = Release|Any CPU
	EndGlobalSection
	GlobalSection(ProjectConfigurationPlatforms) = postSolution
		{9EDCE5EF-60C5-4008-A72B-7E6506276BA9}.Debug|Any CPU.ActiveCfg = Debug|Any CPU
		{9EDCE5EF-60C5-4008-A72B-7E6506276BA9}.Debug|Any CPU.Build.0 = Debug|Any CPU
		{9EDCE5EF-60C5-4008-A72B-7E6506276BA9}.Release|Any CPU.ActiveCfg = Release|Any CPU
		{9EDCE5EF-60C5-4008-A72B-7E6506276BA9}.Release|Any CPU.Build.0 = Release|Any CPU
		{7C7362BC-C182-40E3-921C-370F649E00E2}.Debug|Any CPU.ActiveCfg = Debug|Any CPU
		{7C7362BC-C182-40E3-921C-370F649E00E2}.Debug|Any CPU.Build.0 = Debug|Any CPU
		{7C7362BC-C182-40E3-921C-370F649E00E2}.Release|Any CPU.ActiveCfg = Release|Any CPU
		{7C7362BC-C182-40E3-921C-370F649E00E2}.Release|Any CPU.Build.0 = Release|Any CPU
	EndGlobalSection
EndGlobal
